{
    "name": "udagram-aws",
    "lockfileVersion": 2,
    "requires": true,
    "packages": {
        "": {
            "devDependencies": {
                "@types/validator": "^13.7.12"
            }
        },
        "node_modules/@types/validator": {
            "version": "13.7.12",
            "resolved": "https://registry.npmjs.org/@types/validator/-/validator-13.7.12.tgz",
            "integrity": "sha512-YVtyAPqpefU+Mm/qqnOANW6IkqKpCSrarcyV269C8MA8Ux0dbkEuQwM/4CjL47kVEM2LgBef/ETfkH+c6+moFA==",
            "dev": true
        }
    },
    "dependencies": {
        "@types/validator": {
            "version": "13.7.12",
            "resolved": "https://registry.npmjs.org/@types/validator/-/validator-13.7.12.tgz",
            "integrity": "sha512-YVtyAPqpefU+Mm/qqnOANW6IkqKpCSrarcyV269C8MA8Ux0dbkEuQwM/4CjL47kVEM2LgBef/ETfkH+c6+moFA==",
            "dev": true
        }
    }
}
